
Microsoft Visual Studio Solution File, Format Version 12.00
# Visual Studio Version 17
VisualStudioVersion = 17.8.34601.278
MinimumVisualStudioVersion = 10.0.40219.1
Project("{9A19103F-16F7-4668-BE54-9A1E7A4F7556}") = "UsuariosApp.API", "UsuariosApp.API\UsuariosApp.API.csproj", "{265077FB-2B6F-4DD3-818C-EE0B5712385D}"
EndProject
Project("{2150E333-8FDC-42A3-9474-1A3956D46DE8}") = "APPLICATION", "APPLICATION", "{A68435A9-C771-43AA-A814-EE10B0B6D807}"
EndProject
Project("{2150E333-8FDC-42A3-9474-1A3956D46DE8}") = "DOMAIN", "DOMAIN", "{06077F33-7AF3-4D33-B315-7C670834C2F6}"
EndProject
Project("{2150E333-8FDC-42A3-9474-1A3956D46DE8}") = "INFRASTRUCTURE", "INFRASTRUCTURE", "{6E9A65ED-81C0-4F77-B5CA-D0773EB5E825}"
EndProject
Project("{9A19103F-16F7-4668-BE54-9A1E7A4F7556}") = "UsuariosApp.Domain", "UsuariosApp.Domain\UsuariosApp.Domain.csproj", "{690D1581-1C48-4AFC-900F-939B17D0934F}"
EndProject
Project("{9A19103F-16F7-4668-BE54-9A1E7A4F7556}") = "UsuariosApp.Data", "UsuariosApp.Data\UsuariosApp.Data.csproj", "{4F96EF8E-DE9C-42A4-B9F1-1F493E8CE683}"
EndProject
Project("{2150E333-8FDC-42A3-9474-1A3956D46DE8}") = "TESTS", "TESTS", "{4B1427E3-F474-4C6A-A228-E839CAFC2482}"
EndProject
Project("{9A19103F-16F7-4668-BE54-9A1E7A4F7556}") = "UsuariosApp.Tests", "UsuariosApp.Tests\UsuariosApp.Tests.csproj", "{F39A5611-1E7A-4C0E-9883-C8EB12C09226}"
EndProject
Project("{9A19103F-16F7-4668-BE54-9A1E7A4F7556}") = "UsuariosApp.Infra.Messages", "UsuariosApp.Infra.Messages\UsuariosApp.Infra.Messages.csproj", "{325E579A-D587-435F-A438-99BB4E9A7272}"
EndProject
Project("{9A19103F-16F7-4668-BE54-9A1E7A4F7556}") = "UsuariosApp.Infra.Logs", "UsuariosApp.Infra.Logs\UsuariosApp.Infra.Logs.csproj", "{EC8E0A77-7FF1-4977-A690-80CAE7D3D14D}"
EndProject
Project("{FAE04EC0-301F-11D3-BF4B-00C04F79EFBC}") = "UsuariosApp.Infra.Security", "UsuariosApp.Infra.Security\UsuariosApp.Infra.Security.csproj", "{4A67D118-C3D5-4E4A-AA39-86B1BDB7D152}"
EndProject
Global
	GlobalSection(SolutionConfigurationPlatforms) = preSolution
		Debug|Any CPU = Debug|Any CPU
		Release|Any CPU = Release|Any CPU
	EndGlobalSection
	GlobalSection(ProjectConfigurationPlatforms) = postSolution
		{265077FB-2B6F-4DD3-818C-EE0B5712385D}.Debug|Any CPU.ActiveCfg = Debug|Any CPU
		{265077FB-2B6F-4DD3-818C-EE0B5712385D}.Debug|Any CPU.Build.0 = Debug|Any CPU
		{265077FB-2B6F-4DD3-818C-EE0B5712385D}.Release|Any CPU.ActiveCfg = Release|Any CPU
		{265077FB-2B6F-4DD3-818C-EE0B5712385D}.Release|Any CPU.Build.0 = Release|Any CPU
		{690D1581-1C48-4AFC-900F-939B17D0934F}.Debug|Any CPU.ActiveCfg = Debug|Any CPU
		{690D1581-1C48-4AFC-900F-939B17D0934F}.Debug|Any CPU.Build.0 = Debug|Any CPU
		{690D1581-1C48-4AFC-900F-939B17D0934F}.Release|Any CPU.ActiveCfg = Release|Any CPU
		{690D1581-1C48-4AFC-900F-939B17D0934F}.Release|Any CPU.Build.0 = Release|Any CPU
		{4F96EF8E-DE9C-42A4-B9F1-1F493E8CE683}.Debug|Any CPU.ActiveCfg = Debug|Any CPU
		{4F96EF8E-DE9C-42A4-B9F1-1F493E8CE683}.Debug|Any CPU.Build.0 = Debug|Any CPU
		{4F96EF8E-DE9C-42A4-B9F1-1F493E8CE683}.Release|Any CPU.ActiveCfg = Release|Any CPU
		{4F96EF8E-DE9C-42A4-B9F1-1F493E8CE683}.Release|Any CPU.Build.0 = Release|Any CPU
		{F39A5611-1E7A-4C0E-9883-C8EB12C09226}.Debug|Any CPU.ActiveCfg = Debug|Any CPU
		{F39A5611-1E7A-4C0E-9883-C8EB12C09226}.Debug|Any CPU.Build.0 = Debug|Any CPU
		{F39A5611-1E7A-4C0E-9883-C8EB12C09226}.Release|Any CPU.ActiveCfg = Release|Any CPU
		{F39A5611-1E7A-4C0E-9883-C8EB12C09226}.Release|Any CPU.Build.0 = Release|Any CPU
		{325E579A-D587-435F-A438-99BB4E9A7272}.Debug|Any CPU.ActiveCfg = Debug|Any CPU
		{325E579A-D587-435F-A438-99BB4E9A7272}.Debug|Any CPU.Build.0 = Debug|Any CPU
		{325E579A-D587-435F-A438-99BB4E9A7272}.Release|Any CPU.ActiveCfg = Release|Any CPU
		{325E579A-D587-435F-A438-99BB4E9A7272}.Release|Any CPU.Build.0 = Release|Any CPU
		{EC8E0A77-7FF1-4977-A690-80CAE7D3D14D}.Debug|Any CPU.ActiveCfg = Debug|Any CPU
		{EC8E0A77-7FF1-4977-A690-80CAE7D3D14D}.Debug|Any CPU.Build.0 = Debug|Any CPU
		{EC8E0A77-7FF1-4977-A690-80CAE7D3D14D}.Release|Any CPU.ActiveCfg = Release|Any CPU
		{EC8E0A77-7FF1-4977-A690-80CAE7D3D14D}.Release|Any CPU.Build.0 = Release|Any CPU
		{4A67D118-C3D5-4E4A-AA39-86B1BDB7D152}.Debug|Any CPU.ActiveCfg = Debug|Any CPU
		{4A67D118-C3D5-4E4A-AA39-86B1BDB7D152}.Debug|Any CPU.Build.0 = Debug|Any CPU
		{4A67D118-C3D5-4E4A-AA39-86B1BDB7D152}.Release|Any CPU.ActiveCfg = Release|Any CPU
		{4A67D118-C3D5-4E4A-AA39-86B1BDB7D152}.Release|Any CPU.Build.0 = Release|Any CPU
	EndGlobalSection
	GlobalSection(SolutionProperties) = preSolution
		HideSolutionNode = FALSE
	EndGlobalSection
	GlobalSection(NestedProjects) = preSolution
		{265077FB-2B6F-4DD3-818C-EE0B5712385D} = {A68435A9-C771-43AA-A814-EE10B0B6D807}
		{690D1581-1C48-4AFC-900F-939B17D0934F} = {06077F33-7AF3-4D33-B315-7C670834C2F6}
		{4F96EF8E-DE9C-42A4-B9F1-1F493E8CE683} = {6E9A65ED-81C0-4F77-B5CA-D0773EB5E825}
		{F39A5611-1E7A-4C0E-9883-C8EB12C09226} = {4B1427E3-F474-4C6A-A228-E839CAFC2482}
		{325E579A-D587-435F-A438-99BB4E9A7272} = {6E9A65ED-81C0-4F77-B5CA-D0773EB5E825}
		{EC8E0A77-7FF1-4977-A690-80CAE7D3D14D} = {6E9A65ED-81C0-4F77-B5CA-D0773EB5E825}
		{4A67D118-C3D5-4E4A-AA39-86B1BDB7D152} = {6E9A65ED-81C0-4F77-B5CA-D0773EB5E825}
	EndGlobalSection
	GlobalSection(ExtensibilityGlobals) = postSolution
		SolutionGuid = {9C65E552-389E-486D-84F8-7168E2D7E64A}
	EndGlobalSection
EndGlobal
